{
  "nodes": {
    "flake-utils": {
      "locked": {
        "lastModified": 1598189285,
        "narHash": "sha256-5jcLCoX9ZakSSyqC+x8YPm9W58zyfrpOLGxO2jASoNI=",
        "owner": "numtide",
        "repo": "flake-utils",
        "rev": "e34fcedfc799e31449ec0a0b87b031e14c454a39",
        "type": "github"
      },
      "original": {
        "owner": "numtide",
        "repo": "flake-utils",
        "type": "github"
      }
    },
    "nixpkgs": {
      "locked": {
        "lastModified": 1635544589,
        "narHash": "sha256-v6PTartv2TlsntrCz9YFIdRU6ihPKFvrEfKK2BSFOoE=",
        "owner": "nixos",
        "repo": "nixpkgs",
        "rev": "47b36ad103aeff17f9be6fb7b4847d63d53f227a",
        "type": "github"
      },
      "original": {
        "owner": "nixos",
        "ref": "nixpkgs-unstable",
        "repo": "nixpkgs",
        "type": "github"
      }
    },
    "root": {
      "inputs": {
        "flake-utils": "flake-utils",
        "nixpkgs": "nixpkgs"
      }
    }
  },
  "root": "root",
  "version": 7
}
